
Microsoft Visual Studio Solution File, Format Version 12.00
# Visual Studio Version 17
VisualStudioVersion = 17.7.34031.279
MinimumVisualStudioVersion = 10.0.40219.1
Project("{FAE04EC0-301F-11D3-BF4B-00C04F79EFBC}") = "TwoSums", "TwoSums.csproj", "{AFF8DA24-095A-4498-81BA-DBBFC321469C}"
EndProject
Global
	GlobalSection(SolutionConfigurationPlatforms) = preSolution
		Debug|Any CPU = Debug|Any CPU
		Release|Any CPU = Release|Any CPU
	EndGlobalSection
	GlobalSection(ProjectConfigurationPlatforms) = postSolution
		{AFF8DA24-095A-4498-81BA-DBBFC321469C}.Debug|Any CPU.ActiveCfg = Debug|Any CPU
		{AFF8DA24-095A-4498-81BA-DBBFC321469C}.Debug|Any CPU.Build.0 = Debug|Any CPU
		{AFF8DA24-095A-4498-81BA-DBBFC321469C}.Release|Any CPU.ActiveCfg = Release|Any CPU
		{AFF8DA24-095A-4498-81BA-DBBFC321469C}.Release|Any CPU.Build.0 = Release|Any CPU
	EndGlobalSection
	GlobalSection(SolutionProperties) = preSolution
		HideSolutionNode = FALSE
	EndGlobalSection
	GlobalSection(ExtensibilityGlobals) = postSolution
		SolutionGuid = {44C50188-EA0F-4603-9756-1CB4CC90772A}
	EndGlobalSection
EndGlobal
